
Microsoft Visual Studio Solution File, Format Version 11.00
# Visual Studio 2010
Project("{FAE04EC0-301F-11D3-BF4B-00C04F79EFBC}") = "VESSEA.Core", "VESSEA.Core\VESSEA.Core.csproj", "{4463A381-5C01-4AF4-90D3-23326CE58A07}"
EndProject
Project("{FAE04EC0-301F-11D3-BF4B-00C04F79EFBC}") = "VESSEA.ConsoleApp", "VESSEA.ConsoleApp\VESSEA.ConsoleApp.csproj", "{7082F799-FED0-4858-AEA2-52B1ADEDC52A}"
EndProject
Project("{C8D11400-126E-41CD-887F-60BD40844F9E}") = "VESSEA.Database", "VESSEA.Database\VESSEA.Database.dbproj", "{67CBC824-A49E-4E9B-A947-360F3DFE65C3}"
EndProject
Global
	GlobalSection(TeamFoundationVersionControl) = preSolution
		SccNumberOfProjects = 4
		SccEnterpriseProvider = {4CA58AB2-18FA-4F8D-95D4-32DDF27D184C}
		SccTeamFoundationServer = https://tfs.codeplex.com/tfs/tfs25
		SccLocalPath0 = .
		SccProjectUniqueName1 = VESSEA.Core\\VESSEA.Core.csproj
		SccProjectName1 = VESSEA.Core
		SccLocalPath1 = VESSEA.Core
		SccProjectUniqueName2 = VESSEA.ConsoleApp\\VESSEA.ConsoleApp.csproj
		SccProjectName2 = VESSEA.ConsoleApp
		SccLocalPath2 = VESSEA.ConsoleApp
		SccProjectUniqueName3 = VESSEA.Database\\VESSEA.Database.dbproj
		SccProjectName3 = VESSEA.Database
		SccLocalPath3 = VESSEA.Database
	EndGlobalSection
	GlobalSection(SolutionConfigurationPlatforms) = preSolution
		Debug|Any CPU = Debug|Any CPU
		Debug|Mixed Platforms = Debug|Mixed Platforms
		Debug|x86 = Debug|x86
		Release|Any CPU = Release|Any CPU
		Release|Mixed Platforms = Release|Mixed Platforms
		Release|x86 = Release|x86
	EndGlobalSection
	GlobalSection(ProjectConfigurationPlatforms) = postSolution
		{4463A381-5C01-4AF4-90D3-23326CE58A07}.Debug|Any CPU.ActiveCfg = Debug|Any CPU
		{4463A381-5C01-4AF4-90D3-23326CE58A07}.Debug|Any CPU.Build.0 = Debug|Any CPU
		{4463A381-5C01-4AF4-90D3-23326CE58A07}.Debug|Mixed Platforms.ActiveCfg = Debug|Any CPU
		{4463A381-5C01-4AF4-90D3-23326CE58A07}.Debug|Mixed Platforms.Build.0 = Debug|Any CPU
		{4463A381-5C01-4AF4-90D3-23326CE58A07}.Debug|x86.ActiveCfg = Debug|Any CPU
		{4463A381-5C01-4AF4-90D3-23326CE58A07}.Release|Any CPU.ActiveCfg = Release|Any CPU
		{4463A381-5C01-4AF4-90D3-23326CE58A07}.Release|Any CPU.Build.0 = Release|Any CPU
		{4463A381-5C01-4AF4-90D3-23326CE58A07}.Release|Mixed Platforms.ActiveCfg = Release|Any CPU
		{4463A381-5C01-4AF4-90D3-23326CE58A07}.Release|Mixed Platforms.Build.0 = Release|Any CPU
		{4463A381-5C01-4AF4-90D3-23326CE58A07}.Release|x86.ActiveCfg = Release|Any CPU
		{7082F799-FED0-4858-AEA2-52B1ADEDC52A}.Debug|Any CPU.ActiveCfg = Debug|x86
		{7082F799-FED0-4858-AEA2-52B1ADEDC52A}.Debug|Mixed Platforms.ActiveCfg = Debug|x86
		{7082F799-FED0-4858-AEA2-52B1ADEDC52A}.Debug|Mixed Platforms.Build.0 = Debug|x86
		{7082F799-FED0-4858-AEA2-52B1ADEDC52A}.Debug|x86.ActiveCfg = Debug|x86
		{7082F799-FED0-4858-AEA2-52B1ADEDC52A}.Debug|x86.Build.0 = Debug|x86
		{7082F799-FED0-4858-AEA2-52B1ADEDC52A}.Release|Any CPU.ActiveCfg = Release|x86
		{7082F799-FED0-4858-AEA2-52B1ADEDC52A}.Release|Mixed Platforms.ActiveCfg = Release|x86
		{7082F799-FED0-4858-AEA2-52B1ADEDC52A}.Release|Mixed Platforms.Build.0 = Release|x86
		{7082F799-FED0-4858-AEA2-52B1ADEDC52A}.Release|x86.ActiveCfg = Release|x86
		{7082F799-FED0-4858-AEA2-52B1ADEDC52A}.Release|x86.Build.0 = Release|x86
		{67CBC824-A49E-4E9B-A947-360F3DFE65C3}.Debug|Any CPU.ActiveCfg = Debug|Any CPU
		{67CBC824-A49E-4E9B-A947-360F3DFE65C3}.Debug|Any CPU.Build.0 = Debug|Any CPU
		{67CBC824-A49E-4E9B-A947-360F3DFE65C3}.Debug|Any CPU.Deploy.0 = Debug|Any CPU
		{67CBC824-A49E-4E9B-A947-360F3DFE65C3}.Debug|Mixed Platforms.ActiveCfg = Debug|Any CPU
		{67CBC824-A49E-4E9B-A947-360F3DFE65C3}.Debug|x86.ActiveCfg = Debug|Any CPU
		{67CBC824-A49E-4E9B-A947-360F3DFE65C3}.Release|Any CPU.ActiveCfg = Release|Any CPU
		{67CBC824-A49E-4E9B-A947-360F3DFE65C3}.Release|Any CPU.Build.0 = Release|Any CPU
		{67CBC824-A49E-4E9B-A947-360F3DFE65C3}.Release|Any CPU.Deploy.0 = Release|Any CPU
		{67CBC824-A49E-4E9B-A947-360F3DFE65C3}.Release|Mixed Platforms.ActiveCfg = Release|Any CPU
		{67CBC824-A49E-4E9B-A947-360F3DFE65C3}.Release|x86.ActiveCfg = Release|Any CPU
	EndGlobalSection
	GlobalSection(SolutionProperties) = preSolution
		HideSolutionNode = FALSE
	EndGlobalSection
EndGlobal
