
Microsoft Visual Studio Solution File, Format Version 12.00
# Visual Studio 2013
VisualStudioVersion = 12.0.30110.0
MinimumVisualStudioVersion = 10.0.40219.1
Project("{FAE04EC0-301F-11D3-BF4B-00C04F79EFBC}") = "Base.ConsoleApplication", "Base.ConsoleApplication\Base.ConsoleApplication.csproj", "{2729EDAF-B284-42C5-B48E-D36B1E0213A2}"
EndProject
Project("{FAE04EC0-301F-11D3-BF4B-00C04F79EFBC}") = "Base.Syslog", "Base.Syslog\Base.Syslog.csproj", "{D22B635B-769A-4EE8-B836-B7E0EFD917BE}"
EndProject
Project("{2150E333-8FDC-42A3-9474-1A3956D46DE8}") = "Solution Items", "Solution Items", "{7E911C57-FC52-4B2A-8ACF-34E81A6144CD}"
	ProjectSection(SolutionItems) = preProject
		ScreenPrints\AsusRTN56U.png = ScreenPrints\AsusRTN56U.png
	EndProjectSection
EndProject
Global
	GlobalSection(TeamFoundationVersionControl) = preSolution
		SccNumberOfProjects = 3
		SccEnterpriseProvider = {4CA58AB2-18FA-4F8D-95D4-32DDF27D184C}
		SccTeamFoundationServer = https://tfs.codeplex.com/tfs/tfs25
		SccLocalPath0 = .
		SccProjectUniqueName1 = Base.ConsoleApplication\\Base.ConsoleApplication.csproj
		SccProjectName1 = Base.ConsoleApplication
		SccLocalPath1 = Base.ConsoleApplication
		SccProjectUniqueName2 = Base.Syslog\\Base.Syslog.csproj
		SccProjectName2 = Base.Syslog
		SccLocalPath2 = Base.Syslog
	EndGlobalSection
	GlobalSection(SolutionConfigurationPlatforms) = preSolution
		Debug|Any CPU = Debug|Any CPU
		Release|Any CPU = Release|Any CPU
	EndGlobalSection
	GlobalSection(ProjectConfigurationPlatforms) = postSolution
		{2729EDAF-B284-42C5-B48E-D36B1E0213A2}.Debug|Any CPU.ActiveCfg = Debug|Any CPU
		{2729EDAF-B284-42C5-B48E-D36B1E0213A2}.Debug|Any CPU.Build.0 = Debug|Any CPU
		{2729EDAF-B284-42C5-B48E-D36B1E0213A2}.Release|Any CPU.ActiveCfg = Release|Any CPU
		{2729EDAF-B284-42C5-B48E-D36B1E0213A2}.Release|Any CPU.Build.0 = Release|Any CPU
		{D22B635B-769A-4EE8-B836-B7E0EFD917BE}.Debug|Any CPU.ActiveCfg = Debug|Any CPU
		{D22B635B-769A-4EE8-B836-B7E0EFD917BE}.Debug|Any CPU.Build.0 = Debug|Any CPU
		{D22B635B-769A-4EE8-B836-B7E0EFD917BE}.Release|Any CPU.ActiveCfg = Release|Any CPU
		{D22B635B-769A-4EE8-B836-B7E0EFD917BE}.Release|Any CPU.Build.0 = Release|Any CPU
	EndGlobalSection
	GlobalSection(SolutionProperties) = preSolution
		HideSolutionNode = FALSE
	EndGlobalSection
EndGlobal
