
Microsoft Visual Studio Solution File, Format Version 12.00
# Visual Studio 2012
Project("{FAE04EC0-301F-11D3-BF4B-00C04F79EFBC}") = "NetInfo.ConsoleApplication", "NetInfo.ConsoleApplication\NetInfo.ConsoleApplication.csproj", "{E4D49FCD-A8D5-485C-857F-D62EDE3B3691}"
EndProject
Project("{FAE04EC0-301F-11D3-BF4B-00C04F79EFBC}") = "NetInfo.Core", "NetInfo.Core\NetInfo.Core.csproj", "{0B49C840-A83A-41C9-AD81-2AD06FDA7582}"
EndProject
Global
	GlobalSection(TeamFoundationVersionControl) = preSolution
		SccNumberOfProjects = 3
		SccEnterpriseProvider = {4CA58AB2-18FA-4F8D-95D4-32DDF27D184C}
		SccTeamFoundationServer = https://tfs.codeplex.com/tfs/tfs25
		SccLocalPath0 = .
		SccProjectUniqueName1 = NetInfo.ConsoleApplication\\NetInfo.ConsoleApplication.csproj
		SccProjectName1 = NetInfo.ConsoleApplication
		SccLocalPath1 = NetInfo.ConsoleApplication
		SccProjectUniqueName2 = NetInfo.Core\\NetInfo.Core.csproj
		SccProjectName2 = NetInfo.Core
		SccLocalPath2 = NetInfo.Core
	EndGlobalSection
	GlobalSection(SolutionConfigurationPlatforms) = preSolution
		Debug|Any CPU = Debug|Any CPU
		Release|Any CPU = Release|Any CPU
	EndGlobalSection
	GlobalSection(ProjectConfigurationPlatforms) = postSolution
		{E4D49FCD-A8D5-485C-857F-D62EDE3B3691}.Debug|Any CPU.ActiveCfg = Debug|Any CPU
		{E4D49FCD-A8D5-485C-857F-D62EDE3B3691}.Debug|Any CPU.Build.0 = Debug|Any CPU
		{E4D49FCD-A8D5-485C-857F-D62EDE3B3691}.Release|Any CPU.ActiveCfg = Release|Any CPU
		{E4D49FCD-A8D5-485C-857F-D62EDE3B3691}.Release|Any CPU.Build.0 = Release|Any CPU
		{0B49C840-A83A-41C9-AD81-2AD06FDA7582}.Debug|Any CPU.ActiveCfg = Debug|Any CPU
		{0B49C840-A83A-41C9-AD81-2AD06FDA7582}.Debug|Any CPU.Build.0 = Debug|Any CPU
		{0B49C840-A83A-41C9-AD81-2AD06FDA7582}.Release|Any CPU.ActiveCfg = Release|Any CPU
		{0B49C840-A83A-41C9-AD81-2AD06FDA7582}.Release|Any CPU.Build.0 = Release|Any CPU
	EndGlobalSection
	GlobalSection(SolutionProperties) = preSolution
		HideSolutionNode = FALSE
	EndGlobalSection
EndGlobal
