
Microsoft Visual Studio Solution File, Format Version 12.00
# Visual Studio 2012
Project("{FAE04EC0-301F-11D3-BF4B-00C04F79EFBC}") = "VESSEA.Model", "VESSEA.Model\VESSEA.Model.csproj", "{614C1D4C-9356-454B-A843-BF3F51CF8E60}"
EndProject
Project("{FAE04EC0-301F-11D3-BF4B-00C04F79EFBC}") = "VESSEA.BLL", "VESSEA.BLL\VESSEA.BLL.csproj", "{C3F35252-114E-461C-9C50-B993E2D9C47D}"
EndProject
Project("{FAE04EC0-301F-11D3-BF4B-00C04F79EFBC}") = "VESSEA.Web", "VESSEA.Web\VESSEA.Web.csproj", "{0F0EB740-F8CB-4F67-8DB2-272A4A2DADF4}"
EndProject
Project("{2150E333-8FDC-42A3-9474-1A3956D46DE8}") = "Solution Items", "Solution Items", "{1F48ECC8-6A4C-4C2D-BD7B-F9D8688817BB}"
	ProjectSection(SolutionItems) = preProject
		FileUploadDemo.zip = FileUploadDemo.zip
		ReadMe.docx = ReadMe.docx
	EndProjectSection
EndProject
Global
	GlobalSection(TeamFoundationVersionControl) = preSolution
		SccNumberOfProjects = 4
		SccEnterpriseProvider = {4CA58AB2-18FA-4F8D-95D4-32DDF27D184C}
		SccTeamFoundationServer = https://tfs.codeplex.com/tfs/tfs25
		SccLocalPath0 = .
		SccProjectUniqueName1 = VESSEA.BLL\\VESSEA.BLL.csproj
		SccProjectName1 = VESSEA.BLL
		SccLocalPath1 = VESSEA.BLL
		SccProjectUniqueName2 = VESSEA.Model\\VESSEA.Model.csproj
		SccProjectName2 = VESSEA.Model
		SccLocalPath2 = VESSEA.Model
		SccProjectUniqueName3 = VESSEA.Web\\VESSEA.Web.csproj
		SccProjectName3 = VESSEA.Web
		SccLocalPath3 = VESSEA.Web
	EndGlobalSection
	GlobalSection(SolutionConfigurationPlatforms) = preSolution
		Debug|Any CPU = Debug|Any CPU
		Release|Any CPU = Release|Any CPU
	EndGlobalSection
	GlobalSection(ProjectConfigurationPlatforms) = postSolution
		{614C1D4C-9356-454B-A843-BF3F51CF8E60}.Debug|Any CPU.ActiveCfg = Debug|Any CPU
		{614C1D4C-9356-454B-A843-BF3F51CF8E60}.Debug|Any CPU.Build.0 = Debug|Any CPU
		{614C1D4C-9356-454B-A843-BF3F51CF8E60}.Release|Any CPU.ActiveCfg = Release|Any CPU
		{614C1D4C-9356-454B-A843-BF3F51CF8E60}.Release|Any CPU.Build.0 = Release|Any CPU
		{C3F35252-114E-461C-9C50-B993E2D9C47D}.Debug|Any CPU.ActiveCfg = Debug|Any CPU
		{C3F35252-114E-461C-9C50-B993E2D9C47D}.Debug|Any CPU.Build.0 = Debug|Any CPU
		{C3F35252-114E-461C-9C50-B993E2D9C47D}.Release|Any CPU.ActiveCfg = Release|Any CPU
		{C3F35252-114E-461C-9C50-B993E2D9C47D}.Release|Any CPU.Build.0 = Release|Any CPU
		{0F0EB740-F8CB-4F67-8DB2-272A4A2DADF4}.Debug|Any CPU.ActiveCfg = Debug|Any CPU
		{0F0EB740-F8CB-4F67-8DB2-272A4A2DADF4}.Debug|Any CPU.Build.0 = Debug|Any CPU
		{0F0EB740-F8CB-4F67-8DB2-272A4A2DADF4}.Release|Any CPU.ActiveCfg = Release|Any CPU
		{0F0EB740-F8CB-4F67-8DB2-272A4A2DADF4}.Release|Any CPU.Build.0 = Release|Any CPU
	EndGlobalSection
	GlobalSection(SolutionProperties) = preSolution
		HideSolutionNode = FALSE
	EndGlobalSection
EndGlobal
